
Microsoft Visual Studio Solution File, Format Version 12.00
# Visual Studio Version 17
VisualStudioVersion = 17.4.33205.214
MinimumVisualStudioVersion = 10.0.40219.1
Project("{FAE04EC0-301F-11D3-BF4B-00C04F79EFBC}") = "VotingApp", "VotingApp\VotingApp.csproj", "{DE1CF011-04A4-40E3-B017-FBB526144196}"
EndProject
Global
	GlobalSection(SolutionConfigurationPlatforms) = preSolution
		Debug|Any CPU = Debug|Any CPU
		Release|Any CPU = Release|Any CPU
	EndGlobalSection
	GlobalSection(ProjectConfigurationPlatforms) = postSolution
		{DE1CF011-04A4-40E3-B017-FBB526144196}.Debug|Any CPU.ActiveCfg = Debug|Any CPU
		{DE1CF011-04A4-40E3-B017-FBB526144196}.Debug|Any CPU.Build.0 = Debug|Any CPU
		{DE1CF011-04A4-40E3-B017-FBB526144196}.Release|Any CPU.ActiveCfg = Release|Any CPU
		{DE1CF011-04A4-40E3-B017-FBB526144196}.Release|Any CPU.Build.0 = Release|Any CPU
	EndGlobalSection
	GlobalSection(SolutionProperties) = preSolution
		HideSolutionNode = FALSE
	EndGlobalSection
	GlobalSection(ExtensibilityGlobals) = postSolution
		SolutionGuid = {9E6BB3B7-72B4-4B65-95A6-64C2B1ED4D91}
	EndGlobalSection
EndGlobal
